<?xml version="1.0" encoding="UTF-8"?>
<Project ToolsVersion="15.0" xmlns="http://schemas.microsoft.com/developer/msbuild/2003">
  <ItemGroup>
    <ClCompile Include="C:\Workspace\Grad_Semester_2\FeatureExtractor\SkeletonBasics-D2D\oscpack_1_1_0\ip\IpEndpointName.cpp">
      <Filter>Source Files</Filter>
    </ClCompile>
    <ClCompile Include="C:\Workspace\Grad_Semester_2\FeatureExtractor\SkeletonBasics-D2D\oscpack_1_1_0\ip\win32\NetworkingUtils.cpp">
      <Filter>Source Files</Filter>
    </ClCompile>
    <ClCompile Include="C:\Workspace\Grad_Semester_2\FeatureExtractor\SkeletonBasics-D2D\oscpack_1_1_0\ip\win32\UdpSocket.cpp">
      <Filter>Source Files</Filter>
    </ClCompile>
    <ClCompile Include="C:\Workspace\Grad_Semester_2\FeatureExtractor\SkeletonBasics-D2D\oscpack_1_1_0\osc\OscTypes.cpp">
      <Filter>Source Files</Filter>
    </ClCompile>
    <ClCompile Include="C:\Workspace\Grad_Semester_2\FeatureExtractor\SkeletonBasics-D2D\oscpack_1_1_0\osc\OscReceivedElements.cpp">
      <Filter>Source Files</Filter>
    </ClCompile>
    <ClCompile Include="C:\Workspace\Grad_Semester_2\FeatureExtractor\SkeletonBasics-D2D\oscpack_1_1_0\osc\OscPrintReceivedElements.cpp">
      <Filter>Source Files</Filter>
    </ClCompile>
    <ClCompile Include="C:\Workspace\Grad_Semester_2\FeatureExtractor\SkeletonBasics-D2D\oscpack_1_1_0\osc\OscOutboundPacketStream.cpp">
      <Filter>Source Files</Filter>
    </ClCompile>
  </ItemGroup>
  <ItemGroup>
    <ClInclude Include="C:\Workspace\Grad_Semester_2\FeatureExtractor\SkeletonBasics-D2D\oscpack_1_1_0\ip\IpEndpointName.h">
      <Filter>Header Files</Filter>
    </ClInclude>
    <ClInclude Include="C:\Workspace\Grad_Semester_2\FeatureExtractor\SkeletonBasics-D2D\oscpack_1_1_0\ip\NetworkingUtils.h">
      <Filter>Header Files</Filter>
    </ClInclude>
    <ClInclude Include="C:\Workspace\Grad_Semester_2\FeatureExtractor\SkeletonBasics-D2D\oscpack_1_1_0\ip\UdpSocket.h">
      <Filter>Header Files</Filter>
    </ClInclude>
    <ClInclude Include="C:\Workspace\Grad_Semester_2\FeatureExtractor\SkeletonBasics-D2D\oscpack_1_1_0\ip\PacketListener.h">
      <Filter>Header Files</Filter>
    </ClInclude>
    <ClInclude Include="C:\Workspace\Grad_Semester_2\FeatureExtractor\SkeletonBasics-D2D\oscpack_1_1_0\ip\TimerListener.h">
      <Filter>Header Files</Filter>
    </ClInclude>
    <ClInclude Include="C:\Workspace\Grad_Semester_2\FeatureExtractor\SkeletonBasics-D2D\oscpack_1_1_0\osc\OscTypes.h">
      <Filter>Header Files</Filter>
    </ClInclude>
    <ClInclude Include="C:\Workspace\Grad_Semester_2\FeatureExtractor\SkeletonBasics-D2D\oscpack_1_1_0\osc\OscHostEndianness.h">
      <Filter>Header Files</Filter>
    </ClInclude>
    <ClInclude Include="C:\Workspace\Grad_Semester_2\FeatureExtractor\SkeletonBasics-D2D\oscpack_1_1_0\osc\OscException.h">
      <Filter>Header Files</Filter>
    </ClInclude>
    <ClInclude Include="C:\Workspace\Grad_Semester_2\FeatureExtractor\SkeletonBasics-D2D\oscpack_1_1_0\osc\OscPacketListener.h">
      <Filter>Header Files</Filter>
    </ClInclude>
    <ClInclude Include="C:\Workspace\Grad_Semester_2\FeatureExtractor\SkeletonBasics-D2D\oscpack_1_1_0\osc\MessageMappingOscPacketListener.h">
      <Filter>Header Files</Filter>
    </ClInclude>
    <ClInclude Include="C:\Workspace\Grad_Semester_2\FeatureExtractor\SkeletonBasics-D2D\oscpack_1_1_0\osc\OscReceivedElements.h">
      <Filter>Header Files</Filter>
    </ClInclude>
    <ClInclude Include="C:\Workspace\Grad_Semester_2\FeatureExtractor\SkeletonBasics-D2D\oscpack_1_1_0\osc\OscPrintReceivedElements.h">
      <Filter>Header Files</Filter>
    </ClInclude>
    <ClInclude Include="C:\Workspace\Grad_Semester_2\FeatureExtractor\SkeletonBasics-D2D\oscpack_1_1_0\osc\OscOutboundPacketStream.h">
      <Filter>Header Files</Filter>
    </ClInclude>
  </ItemGroup>
  <ItemGroup>
    <CustomBuild Include="C:\Workspace\Grad_Semester_2\FeatureExtractor\SkeletonBasics-D2D\oscpack_1_1_0\CMakeLists.txt" />
  </ItemGroup>
  <ItemGroup>
    <Filter Include="Source Files">
      <UniqueIdentifier>{76C44ED9-A9CA-3800-B02A-C527FC82A445}</UniqueIdentifier>
    </Filter>
    <Filter Include="Header Files">
      <UniqueIdentifier>{D2224499-DF6C-3B1C-A1F0-BAB8B4735E94}</UniqueIdentifier>
    </Filter>
  </ItemGroup>
</Project>
