Microsoft Visual Studio Solution File, Format Version 12.00
# Visual Studio 15
Project("{8BC9CEB8-8B4A-11D0-8D11-00A0C91BC942}") = "ALL_BUILD", "ALL_BUILD.vcxproj", "{C6CA3A90-40C7-322E-9613-3523256B09D0}"
	ProjectSection(ProjectDependencies) = postProject
		{4694D27D-9A08-368A-92D8-6F11BBE774DF} = {4694D27D-9A08-368A-92D8-6F11BBE774DF}
		{E5577BF5-03BF-3FDF-80C9-DB966A18EEBF} = {E5577BF5-03BF-3FDF-80C9-DB966A18EEBF}
		{225EDD6B-C5B5-3FD8-A421-35338B849349} = {225EDD6B-C5B5-3FD8-A421-35338B849349}
		{B57C96E5-40DF-3054-851D-59710138772D} = {B57C96E5-40DF-3054-851D-59710138772D}
		{6664CFAC-CF12-3165-87E4-4A18C328289C} = {6664CFAC-CF12-3165-87E4-4A18C328289C}
		{30ABE149-AD4C-39D0-857B-3CE175AE8BE7} = {30ABE149-AD4C-39D0-857B-3CE175AE8BE7}
		{7475BA32-FD34-3552-9457-6B57441F5B91} = {7475BA32-FD34-3552-9457-6B57441F5B91}
		{76DA9E51-5250-358A-99C7-200F621FD08A} = {76DA9E51-5250-358A-99C7-200F621FD08A}
	EndProjectSection
EndProject
Project("{8BC9CEB8-8B4A-11D0-8D11-00A0C91BC942}") = "OscDump", "OscDump.vcxproj", "{4694D27D-9A08-368A-92D8-6F11BBE774DF}"
	ProjectSection(ProjectDependencies) = postProject
		{7475BA32-FD34-3552-9457-6B57441F5B91} = {7475BA32-FD34-3552-9457-6B57441F5B91}
		{76DA9E51-5250-358A-99C7-200F621FD08A} = {76DA9E51-5250-358A-99C7-200F621FD08A}
	EndProjectSection
EndProject
Project("{8BC9CEB8-8B4A-11D0-8D11-00A0C91BC942}") = "OscReceiveTest", "OscReceiveTest.vcxproj", "{E5577BF5-03BF-3FDF-80C9-DB966A18EEBF}"
	ProjectSection(ProjectDependencies) = postProject
		{7475BA32-FD34-3552-9457-6B57441F5B91} = {7475BA32-FD34-3552-9457-6B57441F5B91}
		{76DA9E51-5250-358A-99C7-200F621FD08A} = {76DA9E51-5250-358A-99C7-200F621FD08A}
	EndProjectSection
EndProject
Project("{8BC9CEB8-8B4A-11D0-8D11-00A0C91BC942}") = "OscSendTests", "OscSendTests.vcxproj", "{225EDD6B-C5B5-3FD8-A421-35338B849349}"
	ProjectSection(ProjectDependencies) = postProject
		{7475BA32-FD34-3552-9457-6B57441F5B91} = {7475BA32-FD34-3552-9457-6B57441F5B91}
		{76DA9E51-5250-358A-99C7-200F621FD08A} = {76DA9E51-5250-358A-99C7-200F621FD08A}
	EndProjectSection
EndProject
Project("{8BC9CEB8-8B4A-11D0-8D11-00A0C91BC942}") = "OscUnitTests", "OscUnitTests.vcxproj", "{B57C96E5-40DF-3054-851D-59710138772D}"
	ProjectSection(ProjectDependencies) = postProject
		{7475BA32-FD34-3552-9457-6B57441F5B91} = {7475BA32-FD34-3552-9457-6B57441F5B91}
		{76DA9E51-5250-358A-99C7-200F621FD08A} = {76DA9E51-5250-358A-99C7-200F621FD08A}
	EndProjectSection
EndProject
Project("{8BC9CEB8-8B4A-11D0-8D11-00A0C91BC942}") = "SimpleReceive", "SimpleReceive.vcxproj", "{6664CFAC-CF12-3165-87E4-4A18C328289C}"
	ProjectSection(ProjectDependencies) = postProject
		{7475BA32-FD34-3552-9457-6B57441F5B91} = {7475BA32-FD34-3552-9457-6B57441F5B91}
		{76DA9E51-5250-358A-99C7-200F621FD08A} = {76DA9E51-5250-358A-99C7-200F621FD08A}
	EndProjectSection
EndProject
Project("{8BC9CEB8-8B4A-11D0-8D11-00A0C91BC942}") = "SimpleSend", "SimpleSend.vcxproj", "{30ABE149-AD4C-39D0-857B-3CE175AE8BE7}"
	ProjectSection(ProjectDependencies) = postProject
		{7475BA32-FD34-3552-9457-6B57441F5B91} = {7475BA32-FD34-3552-9457-6B57441F5B91}
		{76DA9E51-5250-358A-99C7-200F621FD08A} = {76DA9E51-5250-358A-99C7-200F621FD08A}
	EndProjectSection
EndProject
Project("{8BC9CEB8-8B4A-11D0-8D11-00A0C91BC942}") = "ZERO_CHECK", "ZERO_CHECK.vcxproj", "{7475BA32-FD34-3552-9457-6B57441F5B91}"
	ProjectSection(ProjectDependencies) = postProject
	EndProjectSection
EndProject
Project("{8BC9CEB8-8B4A-11D0-8D11-00A0C91BC942}") = "oscpack", "oscpack.vcxproj", "{76DA9E51-5250-358A-99C7-200F621FD08A}"
	ProjectSection(ProjectDependencies) = postProject
		{7475BA32-FD34-3552-9457-6B57441F5B91} = {7475BA32-FD34-3552-9457-6B57441F5B91}
	EndProjectSection
EndProject
Global
	GlobalSection(SolutionConfigurationPlatforms) = preSolution
		Debug|Win32 = Debug|Win32
		Release|Win32 = Release|Win32
		MinSizeRel|Win32 = MinSizeRel|Win32
		RelWithDebInfo|Win32 = RelWithDebInfo|Win32
	EndGlobalSection
	GlobalSection(ProjectConfigurationPlatforms) = postSolution
		{C6CA3A90-40C7-322E-9613-3523256B09D0}.Debug|Win32.ActiveCfg = Debug|Win32
		{C6CA3A90-40C7-322E-9613-3523256B09D0}.Release|Win32.ActiveCfg = Release|Win32
		{C6CA3A90-40C7-322E-9613-3523256B09D0}.MinSizeRel|Win32.ActiveCfg = MinSizeRel|Win32
		{C6CA3A90-40C7-322E-9613-3523256B09D0}.RelWithDebInfo|Win32.ActiveCfg = RelWithDebInfo|Win32
		{4694D27D-9A08-368A-92D8-6F11BBE774DF}.Debug|Win32.ActiveCfg = Debug|Win32
		{4694D27D-9A08-368A-92D8-6F11BBE774DF}.Debug|Win32.Build.0 = Debug|Win32
		{4694D27D-9A08-368A-92D8-6F11BBE774DF}.Release|Win32.ActiveCfg = Release|Win32
		{4694D27D-9A08-368A-92D8-6F11BBE774DF}.Release|Win32.Build.0 = Release|Win32
		{4694D27D-9A08-368A-92D8-6F11BBE774DF}.MinSizeRel|Win32.ActiveCfg = MinSizeRel|Win32
		{4694D27D-9A08-368A-92D8-6F11BBE774DF}.MinSizeRel|Win32.Build.0 = MinSizeRel|Win32
		{4694D27D-9A08-368A-92D8-6F11BBE774DF}.RelWithDebInfo|Win32.ActiveCfg = RelWithDebInfo|Win32
		{4694D27D-9A08-368A-92D8-6F11BBE774DF}.RelWithDebInfo|Win32.Build.0 = RelWithDebInfo|Win32
		{E5577BF5-03BF-3FDF-80C9-DB966A18EEBF}.Debug|Win32.ActiveCfg = Debug|Win32
		{E5577BF5-03BF-3FDF-80C9-DB966A18EEBF}.Debug|Win32.Build.0 = Debug|Win32
		{E5577BF5-03BF-3FDF-80C9-DB966A18EEBF}.Release|Win32.ActiveCfg = Release|Win32
		{E5577BF5-03BF-3FDF-80C9-DB966A18EEBF}.Release|Win32.Build.0 = Release|Win32
		{E5577BF5-03BF-3FDF-80C9-DB966A18EEBF}.MinSizeRel|Win32.ActiveCfg = MinSizeRel|Win32
		{E5577BF5-03BF-3FDF-80C9-DB966A18EEBF}.MinSizeRel|Win32.Build.0 = MinSizeRel|Win32
		{E5577BF5-03BF-3FDF-80C9-DB966A18EEBF}.RelWithDebInfo|Win32.ActiveCfg = RelWithDebInfo|Win32
		{E5577BF5-03BF-3FDF-80C9-DB966A18EEBF}.RelWithDebInfo|Win32.Build.0 = RelWithDebInfo|Win32
		{225EDD6B-C5B5-3FD8-A421-35338B849349}.Debug|Win32.ActiveCfg = Debug|Win32
		{225EDD6B-C5B5-3FD8-A421-35338B849349}.Debug|Win32.Build.0 = Debug|Win32
		{225EDD6B-C5B5-3FD8-A421-35338B849349}.Release|Win32.ActiveCfg = Release|Win32
		{225EDD6B-C5B5-3FD8-A421-35338B849349}.Release|Win32.Build.0 = Release|Win32
		{225EDD6B-C5B5-3FD8-A421-35338B849349}.MinSizeRel|Win32.ActiveCfg = MinSizeRel|Win32
		{225EDD6B-C5B5-3FD8-A421-35338B849349}.MinSizeRel|Win32.Build.0 = MinSizeRel|Win32
		{225EDD6B-C5B5-3FD8-A421-35338B849349}.RelWithDebInfo|Win32.ActiveCfg = RelWithDebInfo|Win32
		{225EDD6B-C5B5-3FD8-A421-35338B849349}.RelWithDebInfo|Win32.Build.0 = RelWithDebInfo|Win32
		{B57C96E5-40DF-3054-851D-59710138772D}.Debug|Win32.ActiveCfg = Debug|Win32
		{B57C96E5-40DF-3054-851D-59710138772D}.Debug|Win32.Build.0 = Debug|Win32
		{B57C96E5-40DF-3054-851D-59710138772D}.Release|Win32.ActiveCfg = Release|Win32
		{B57C96E5-40DF-3054-851D-59710138772D}.Release|Win32.Build.0 = Release|Win32
		{B57C96E5-40DF-3054-851D-59710138772D}.MinSizeRel|Win32.ActiveCfg = MinSizeRel|Win32
		{B57C96E5-40DF-3054-851D-59710138772D}.MinSizeRel|Win32.Build.0 = MinSizeRel|Win32
		{B57C96E5-40DF-3054-851D-59710138772D}.RelWithDebInfo|Win32.ActiveCfg = RelWithDebInfo|Win32
		{B57C96E5-40DF-3054-851D-59710138772D}.RelWithDebInfo|Win32.Build.0 = RelWithDebInfo|Win32
		{6664CFAC-CF12-3165-87E4-4A18C328289C}.Debug|Win32.ActiveCfg = Debug|Win32
		{6664CFAC-CF12-3165-87E4-4A18C328289C}.Debug|Win32.Build.0 = Debug|Win32
		{6664CFAC-CF12-3165-87E4-4A18C328289C}.Release|Win32.ActiveCfg = Release|Win32
		{6664CFAC-CF12-3165-87E4-4A18C328289C}.Release|Win32.Build.0 = Release|Win32
		{6664CFAC-CF12-3165-87E4-4A18C328289C}.MinSizeRel|Win32.ActiveCfg = MinSizeRel|Win32
		{6664CFAC-CF12-3165-87E4-4A18C328289C}.MinSizeRel|Win32.Build.0 = MinSizeRel|Win32
		{6664CFAC-CF12-3165-87E4-4A18C328289C}.RelWithDebInfo|Win32.ActiveCfg = RelWithDebInfo|Win32
		{6664CFAC-CF12-3165-87E4-4A18C328289C}.RelWithDebInfo|Win32.Build.0 = RelWithDebInfo|Win32
		{30ABE149-AD4C-39D0-857B-3CE175AE8BE7}.Debug|Win32.ActiveCfg = Debug|Win32
		{30ABE149-AD4C-39D0-857B-3CE175AE8BE7}.Debug|Win32.Build.0 = Debug|Win32
		{30ABE149-AD4C-39D0-857B-3CE175AE8BE7}.Release|Win32.ActiveCfg = Release|Win32
		{30ABE149-AD4C-39D0-857B-3CE175AE8BE7}.Release|Win32.Build.0 = Release|Win32
		{30ABE149-AD4C-39D0-857B-3CE175AE8BE7}.MinSizeRel|Win32.ActiveCfg = MinSizeRel|Win32
		{30ABE149-AD4C-39D0-857B-3CE175AE8BE7}.MinSizeRel|Win32.Build.0 = MinSizeRel|Win32
		{30ABE149-AD4C-39D0-857B-3CE175AE8BE7}.RelWithDebInfo|Win32.ActiveCfg = RelWithDebInfo|Win32
		{30ABE149-AD4C-39D0-857B-3CE175AE8BE7}.RelWithDebInfo|Win32.Build.0 = RelWithDebInfo|Win32
		{7475BA32-FD34-3552-9457-6B57441F5B91}.Debug|Win32.ActiveCfg = Debug|Win32
		{7475BA32-FD34-3552-9457-6B57441F5B91}.Debug|Win32.Build.0 = Debug|Win32
		{7475BA32-FD34-3552-9457-6B57441F5B91}.Release|Win32.ActiveCfg = Release|Win32
		{7475BA32-FD34-3552-9457-6B57441F5B91}.Release|Win32.Build.0 = Release|Win32
		{7475BA32-FD34-3552-9457-6B57441F5B91}.MinSizeRel|Win32.ActiveCfg = MinSizeRel|Win32
		{7475BA32-FD34-3552-9457-6B57441F5B91}.MinSizeRel|Win32.Build.0 = MinSizeRel|Win32
		{7475BA32-FD34-3552-9457-6B57441F5B91}.RelWithDebInfo|Win32.ActiveCfg = RelWithDebInfo|Win32
		{7475BA32-FD34-3552-9457-6B57441F5B91}.RelWithDebInfo|Win32.Build.0 = RelWithDebInfo|Win32
		{76DA9E51-5250-358A-99C7-200F621FD08A}.Debug|Win32.ActiveCfg = Debug|Win32
		{76DA9E51-5250-358A-99C7-200F621FD08A}.Debug|Win32.Build.0 = Debug|Win32
		{76DA9E51-5250-358A-99C7-200F621FD08A}.Release|Win32.ActiveCfg = Release|Win32
		{76DA9E51-5250-358A-99C7-200F621FD08A}.Release|Win32.Build.0 = Release|Win32
		{76DA9E51-5250-358A-99C7-200F621FD08A}.MinSizeRel|Win32.ActiveCfg = MinSizeRel|Win32
		{76DA9E51-5250-358A-99C7-200F621FD08A}.MinSizeRel|Win32.Build.0 = MinSizeRel|Win32
		{76DA9E51-5250-358A-99C7-200F621FD08A}.RelWithDebInfo|Win32.ActiveCfg = RelWithDebInfo|Win32
		{76DA9E51-5250-358A-99C7-200F621FD08A}.RelWithDebInfo|Win32.Build.0 = RelWithDebInfo|Win32
	EndGlobalSection
	GlobalSection(ExtensibilityGlobals) = postSolution
		SolutionGuid = {6B557E23-712D-3755-BC6A-A743058EB6A6}
	EndGlobalSection
	GlobalSection(ExtensibilityAddIns) = postSolution
	EndGlobalSection
EndGlobal
